
Microsoft Visual Studio Solution File, Format Version 12.00
# Visual Studio 15
VisualStudioVersion = 15.0.28010.2026
MinimumVisualStudioVersion = 10.0.40219.1
Project("{FAE04EC0-301F-11D3-BF4B-00C04F79EFBC}") = "WindowsFormsPY", "WindowsFormsPY\WindowsFormsPY.csproj", "{ECA8D2A9-71A8-464F-9DDE-7B5F7E623229}"
EndProject
Global
	GlobalSection(SolutionConfigurationPlatforms) = preSolution
		Debug|Any CPU = Debug|Any CPU
		Release|Any CPU = Release|Any CPU
	EndGlobalSection
	GlobalSection(ProjectConfigurationPlatforms) = postSolution
		{ECA8D2A9-71A8-464F-9DDE-7B5F7E623229}.Debug|Any CPU.ActiveCfg = Debug|Any CPU
		{ECA8D2A9-71A8-464F-9DDE-7B5F7E623229}.Debug|Any CPU.Build.0 = Debug|Any CPU
		{ECA8D2A9-71A8-464F-9DDE-7B5F7E623229}.Release|Any CPU.ActiveCfg = Release|Any CPU
		{ECA8D2A9-71A8-464F-9DDE-7B5F7E623229}.Release|Any CPU.Build.0 = Release|Any CPU
	EndGlobalSection
	GlobalSection(SolutionProperties) = preSolution
		HideSolutionNode = FALSE
	EndGlobalSection
	GlobalSection(ExtensibilityGlobals) = postSolution
		SolutionGuid = {A85CF594-DDFC-43A3-8017-9A4AFBE3A43E}
	EndGlobalSection
EndGlobal
